
Microsoft Visual Studio Solution File, Format Version 12.00
# Visual Studio 15
VisualStudioVersion = 15.0.27130.2036
MinimumVisualStudioVersion = 10.0.40219.1
Project("{9A19103F-16F7-4668-BE54-9A1E7A4F7556}") = "p01_ClassBox", "p01_ClassBox\p01_ClassBox.csproj", "{4419EF15-919D-45C7-92B0-A951BAB42306}"
EndProject
Project("{FAE04EC0-301F-11D3-BF4B-00C04F79EFBC}") = "p03_AnimalFarm", "p03_AnimalFarm\p03_AnimalFarm.csproj", "{7D0DD53D-D4FB-4193-8709-E7A95AF4ECFE}"
EndProject
Project("{FAE04EC0-301F-11D3-BF4B-00C04F79EFBC}") = "p04_ShoppingSpree", "p04_ShoppingSpree\p04_ShoppingSpree.csproj", "{A5308F79-FD6E-4112-A65C-02B27954CFEE}"
EndProject
Project("{FAE04EC0-301F-11D3-BF4B-00C04F79EFBC}") = "p05_PizzaCalories", "p05_PizzaCalories\p05_PizzaCalories.csproj", "{444C7621-B591-45AA-9BDB-EAA64BBA9831}"
EndProject
Project("{FAE04EC0-301F-11D3-BF4B-00C04F79EFBC}") = "p06_FootballTeamGenerator", "p06_FootballTeamGenerator\p06_FootballTeamGenerator.csproj", "{F87EDAA0-364E-4F94-BBFC-6739010F7869}"
EndProject
Global
	GlobalSection(SolutionConfigurationPlatforms) = preSolution
		Debug|Any CPU = Debug|Any CPU
		Release|Any CPU = Release|Any CPU
	EndGlobalSection
	GlobalSection(ProjectConfigurationPlatforms) = postSolution
		{4419EF15-919D-45C7-92B0-A951BAB42306}.Debug|Any CPU.ActiveCfg = Debug|Any CPU
		{4419EF15-919D-45C7-92B0-A951BAB42306}.Debug|Any CPU.Build.0 = Debug|Any CPU
		{4419EF15-919D-45C7-92B0-A951BAB42306}.Release|Any CPU.ActiveCfg = Release|Any CPU
		{4419EF15-919D-45C7-92B0-A951BAB42306}.Release|Any CPU.Build.0 = Release|Any CPU
		{7D0DD53D-D4FB-4193-8709-E7A95AF4ECFE}.Debug|Any CPU.ActiveCfg = Debug|Any CPU
		{7D0DD53D-D4FB-4193-8709-E7A95AF4ECFE}.Debug|Any CPU.Build.0 = Debug|Any CPU
		{7D0DD53D-D4FB-4193-8709-E7A95AF4ECFE}.Release|Any CPU.ActiveCfg = Release|Any CPU
		{7D0DD53D-D4FB-4193-8709-E7A95AF4ECFE}.Release|Any CPU.Build.0 = Release|Any CPU
		{A5308F79-FD6E-4112-A65C-02B27954CFEE}.Debug|Any CPU.ActiveCfg = Debug|Any CPU
		{A5308F79-FD6E-4112-A65C-02B27954CFEE}.Debug|Any CPU.Build.0 = Debug|Any CPU
		{A5308F79-FD6E-4112-A65C-02B27954CFEE}.Release|Any CPU.ActiveCfg = Release|Any CPU
		{A5308F79-FD6E-4112-A65C-02B27954CFEE}.Release|Any CPU.Build.0 = Release|Any CPU
		{444C7621-B591-45AA-9BDB-EAA64BBA9831}.Debug|Any CPU.ActiveCfg = Debug|Any CPU
		{444C7621-B591-45AA-9BDB-EAA64BBA9831}.Debug|Any CPU.Build.0 = Debug|Any CPU
		{444C7621-B591-45AA-9BDB-EAA64BBA9831}.Release|Any CPU.ActiveCfg = Release|Any CPU
		{444C7621-B591-45AA-9BDB-EAA64BBA9831}.Release|Any CPU.Build.0 = Release|Any CPU
		{F87EDAA0-364E-4F94-BBFC-6739010F7869}.Debug|Any CPU.ActiveCfg = Debug|Any CPU
		{F87EDAA0-364E-4F94-BBFC-6739010F7869}.Debug|Any CPU.Build.0 = Debug|Any CPU
		{F87EDAA0-364E-4F94-BBFC-6739010F7869}.Release|Any CPU.ActiveCfg = Release|Any CPU
		{F87EDAA0-364E-4F94-BBFC-6739010F7869}.Release|Any CPU.Build.0 = Release|Any CPU
	EndGlobalSection
	GlobalSection(SolutionProperties) = preSolution
		HideSolutionNode = FALSE
	EndGlobalSection
	GlobalSection(ExtensibilityGlobals) = postSolution
		SolutionGuid = {5AE69570-3183-4836-8DDD-F4B0CEFFB16E}
	EndGlobalSection
EndGlobal
