
Microsoft Visual Studio Solution File, Format Version 12.00
# Visual Studio 15
VisualStudioVersion = 15.0.27130.2026
MinimumVisualStudioVersion = 10.0.40219.1
Project("{FAE04EC0-301F-11D3-BF4B-00C04F79EFBC}") = "p01_SortEvenNumbers", "p01_SortEvenNumbers\p01_SortEvenNumbers.csproj", "{D765FB85-DB71-40B6-9006-5B4678CD0F20}"
EndProject
Project("{FAE04EC0-301F-11D3-BF4B-00C04F79EFBC}") = "p02_SumNumbers", "p02_SumNumbers\p02_SumNumbers.csproj", "{EF53D66C-B0DE-4122-BE6E-8325B5C7E425}"
EndProject
Project("{FAE04EC0-301F-11D3-BF4B-00C04F79EFBC}") = "p03_CountUppercaseWords", "p03_CountUppercaseWords\p03_CountUppercaseWords.csproj", "{4C39ACD3-E614-4A3A-ACA8-256C6AC2BE27}"
EndProject
Project("{FAE04EC0-301F-11D3-BF4B-00C04F79EFBC}") = "p04_AddVAT", "p04_AddVAT\p04_AddVAT.csproj", "{FD19BE2E-B94C-4E37-A0AE-6AED23FB100A}"
EndProject
Project("{FAE04EC0-301F-11D3-BF4B-00C04F79EFBC}") = "p05_FilterByAge", "p05_FilterByAge\p05_FilterByAge.csproj", "{A00FE1D4-A89B-49B4-9245-990D604397D4}"
EndProject
Global
	GlobalSection(SolutionConfigurationPlatforms) = preSolution
		Debug|Any CPU = Debug|Any CPU
		Release|Any CPU = Release|Any CPU
	EndGlobalSection
	GlobalSection(ProjectConfigurationPlatforms) = postSolution
		{D765FB85-DB71-40B6-9006-5B4678CD0F20}.Debug|Any CPU.ActiveCfg = Debug|Any CPU
		{D765FB85-DB71-40B6-9006-5B4678CD0F20}.Debug|Any CPU.Build.0 = Debug|Any CPU
		{D765FB85-DB71-40B6-9006-5B4678CD0F20}.Release|Any CPU.ActiveCfg = Release|Any CPU
		{D765FB85-DB71-40B6-9006-5B4678CD0F20}.Release|Any CPU.Build.0 = Release|Any CPU
		{EF53D66C-B0DE-4122-BE6E-8325B5C7E425}.Debug|Any CPU.ActiveCfg = Debug|Any CPU
		{EF53D66C-B0DE-4122-BE6E-8325B5C7E425}.Debug|Any CPU.Build.0 = Debug|Any CPU
		{EF53D66C-B0DE-4122-BE6E-8325B5C7E425}.Release|Any CPU.ActiveCfg = Release|Any CPU
		{EF53D66C-B0DE-4122-BE6E-8325B5C7E425}.Release|Any CPU.Build.0 = Release|Any CPU
		{4C39ACD3-E614-4A3A-ACA8-256C6AC2BE27}.Debug|Any CPU.ActiveCfg = Debug|Any CPU
		{4C39ACD3-E614-4A3A-ACA8-256C6AC2BE27}.Debug|Any CPU.Build.0 = Debug|Any CPU
		{4C39ACD3-E614-4A3A-ACA8-256C6AC2BE27}.Release|Any CPU.ActiveCfg = Release|Any CPU
		{4C39ACD3-E614-4A3A-ACA8-256C6AC2BE27}.Release|Any CPU.Build.0 = Release|Any CPU
		{FD19BE2E-B94C-4E37-A0AE-6AED23FB100A}.Debug|Any CPU.ActiveCfg = Debug|Any CPU
		{FD19BE2E-B94C-4E37-A0AE-6AED23FB100A}.Debug|Any CPU.Build.0 = Debug|Any CPU
		{FD19BE2E-B94C-4E37-A0AE-6AED23FB100A}.Release|Any CPU.ActiveCfg = Release|Any CPU
		{FD19BE2E-B94C-4E37-A0AE-6AED23FB100A}.Release|Any CPU.Build.0 = Release|Any CPU
		{A00FE1D4-A89B-49B4-9245-990D604397D4}.Debug|Any CPU.ActiveCfg = Debug|Any CPU
		{A00FE1D4-A89B-49B4-9245-990D604397D4}.Debug|Any CPU.Build.0 = Debug|Any CPU
		{A00FE1D4-A89B-49B4-9245-990D604397D4}.Release|Any CPU.ActiveCfg = Release|Any CPU
		{A00FE1D4-A89B-49B4-9245-990D604397D4}.Release|Any CPU.Build.0 = Release|Any CPU
	EndGlobalSection
	GlobalSection(SolutionProperties) = preSolution
		HideSolutionNode = FALSE
	EndGlobalSection
	GlobalSection(ExtensibilityGlobals) = postSolution
		SolutionGuid = {DC120C6B-5414-469D-89C8-D2C3C41D2F8D}
	EndGlobalSection
EndGlobal
