
Microsoft Visual Studio Solution File, Format Version 12.00
# Visual Studio 15
VisualStudioVersion = 15.0.27428.2015
MinimumVisualStudioVersion = 10.0.40219.1
Project("{9A19103F-16F7-4668-BE54-9A1E7A4F7556}") = "P01_HarvestingFields", "P01_HarvestingFields\P01_HarvestingFields.csproj", "{BDEE48D6-91B6-4345-BB69-467821A57CA0}"
EndProject
Project("{9A19103F-16F7-4668-BE54-9A1E7A4F7556}") = "P02_BlackBoxInteger", "P02_BlackBoxInteger\P02_BlackBoxInteger.csproj", "{65B21F2D-7141-4D93-80D0-79C3705E3410}"
EndProject
Project("{9A19103F-16F7-4668-BE54-9A1E7A4F7556}") = "P03-05_BarraksWars", "P03-05_BarraksWars\P03-05_BarraksWars.csproj", "{89BF2120-69CE-4F33-B4CA-1B601761FDAC}"
EndProject
Project("{9A19103F-16F7-4668-BE54-9A1E7A4F7556}") = "p06_TrafficLights", "p06_TrafficLights\p06_TrafficLights.csproj", "{982229B8-AACA-4C0D-84E1-447A61227F19}"
EndProject
Project("{FAE04EC0-301F-11D3-BF4B-00C04F79EFBC}") = "p07_InfernoInfinity", "p07_InfernoInfinity\p07_InfernoInfinity.csproj", "{8B239A5E-7800-4816-B4EE-7FDFCB48F916}"
EndProject
Global
	GlobalSection(SolutionConfigurationPlatforms) = preSolution
		Debug|Any CPU = Debug|Any CPU
		Release|Any CPU = Release|Any CPU
	EndGlobalSection
	GlobalSection(ProjectConfigurationPlatforms) = postSolution
		{BDEE48D6-91B6-4345-BB69-467821A57CA0}.Debug|Any CPU.ActiveCfg = Debug|Any CPU
		{BDEE48D6-91B6-4345-BB69-467821A57CA0}.Debug|Any CPU.Build.0 = Debug|Any CPU
		{BDEE48D6-91B6-4345-BB69-467821A57CA0}.Release|Any CPU.ActiveCfg = Release|Any CPU
		{BDEE48D6-91B6-4345-BB69-467821A57CA0}.Release|Any CPU.Build.0 = Release|Any CPU
		{65B21F2D-7141-4D93-80D0-79C3705E3410}.Debug|Any CPU.ActiveCfg = Debug|Any CPU
		{65B21F2D-7141-4D93-80D0-79C3705E3410}.Debug|Any CPU.Build.0 = Debug|Any CPU
		{65B21F2D-7141-4D93-80D0-79C3705E3410}.Release|Any CPU.ActiveCfg = Release|Any CPU
		{65B21F2D-7141-4D93-80D0-79C3705E3410}.Release|Any CPU.Build.0 = Release|Any CPU
		{89BF2120-69CE-4F33-B4CA-1B601761FDAC}.Debug|Any CPU.ActiveCfg = Debug|Any CPU
		{89BF2120-69CE-4F33-B4CA-1B601761FDAC}.Debug|Any CPU.Build.0 = Debug|Any CPU
		{89BF2120-69CE-4F33-B4CA-1B601761FDAC}.Release|Any CPU.ActiveCfg = Release|Any CPU
		{89BF2120-69CE-4F33-B4CA-1B601761FDAC}.Release|Any CPU.Build.0 = Release|Any CPU
		{982229B8-AACA-4C0D-84E1-447A61227F19}.Debug|Any CPU.ActiveCfg = Debug|Any CPU
		{982229B8-AACA-4C0D-84E1-447A61227F19}.Debug|Any CPU.Build.0 = Debug|Any CPU
		{982229B8-AACA-4C0D-84E1-447A61227F19}.Release|Any CPU.ActiveCfg = Release|Any CPU
		{982229B8-AACA-4C0D-84E1-447A61227F19}.Release|Any CPU.Build.0 = Release|Any CPU
		{8B239A5E-7800-4816-B4EE-7FDFCB48F916}.Debug|Any CPU.ActiveCfg = Debug|Any CPU
		{8B239A5E-7800-4816-B4EE-7FDFCB48F916}.Debug|Any CPU.Build.0 = Debug|Any CPU
		{8B239A5E-7800-4816-B4EE-7FDFCB48F916}.Release|Any CPU.ActiveCfg = Release|Any CPU
		{8B239A5E-7800-4816-B4EE-7FDFCB48F916}.Release|Any CPU.Build.0 = Release|Any CPU
	EndGlobalSection
	GlobalSection(SolutionProperties) = preSolution
		HideSolutionNode = FALSE
	EndGlobalSection
	GlobalSection(ExtensibilityGlobals) = postSolution
		SolutionGuid = {D8F0693E-B6C9-4FD6-92C7-F56EDB47CCCA}
	EndGlobalSection
EndGlobal
