
Microsoft Visual Studio Solution File, Format Version 12.00
# Visual Studio 15
VisualStudioVersion = 15.0.27130.2036
MinimumVisualStudioVersion = 10.0.40219.1
Project("{FAE04EC0-301F-11D3-BF4B-00C04F79EFBC}") = "p01_MathOperations", "p01_MathOperations\p01_MathOperations.csproj", "{67456637-7DFC-4B91-8C87-E466BCD56E3D}"
EndProject
Project("{FAE04EC0-301F-11D3-BF4B-00C04F79EFBC}") = "p02_Animals", "p02_Animals\p02_Animals.csproj", "{3AC4A358-9548-44B2-B000-CC361EC8D390}"
EndProject
Project("{FAE04EC0-301F-11D3-BF4B-00C04F79EFBC}") = "p03_Shapes", "p03_Shapes\p03_Shapes.csproj", "{051C41AC-6746-4808-BE90-46A4CE45C55D}"
EndProject
Global
	GlobalSection(SolutionConfigurationPlatforms) = preSolution
		Debug|Any CPU = Debug|Any CPU
		Release|Any CPU = Release|Any CPU
	EndGlobalSection
	GlobalSection(ProjectConfigurationPlatforms) = postSolution
		{67456637-7DFC-4B91-8C87-E466BCD56E3D}.Debug|Any CPU.ActiveCfg = Debug|Any CPU
		{67456637-7DFC-4B91-8C87-E466BCD56E3D}.Debug|Any CPU.Build.0 = Debug|Any CPU
		{67456637-7DFC-4B91-8C87-E466BCD56E3D}.Release|Any CPU.ActiveCfg = Release|Any CPU
		{67456637-7DFC-4B91-8C87-E466BCD56E3D}.Release|Any CPU.Build.0 = Release|Any CPU
		{3AC4A358-9548-44B2-B000-CC361EC8D390}.Debug|Any CPU.ActiveCfg = Debug|Any CPU
		{3AC4A358-9548-44B2-B000-CC361EC8D390}.Debug|Any CPU.Build.0 = Debug|Any CPU
		{3AC4A358-9548-44B2-B000-CC361EC8D390}.Release|Any CPU.ActiveCfg = Release|Any CPU
		{3AC4A358-9548-44B2-B000-CC361EC8D390}.Release|Any CPU.Build.0 = Release|Any CPU
		{051C41AC-6746-4808-BE90-46A4CE45C55D}.Debug|Any CPU.ActiveCfg = Debug|Any CPU
		{051C41AC-6746-4808-BE90-46A4CE45C55D}.Debug|Any CPU.Build.0 = Debug|Any CPU
		{051C41AC-6746-4808-BE90-46A4CE45C55D}.Release|Any CPU.ActiveCfg = Release|Any CPU
		{051C41AC-6746-4808-BE90-46A4CE45C55D}.Release|Any CPU.Build.0 = Release|Any CPU
	EndGlobalSection
	GlobalSection(SolutionProperties) = preSolution
		HideSolutionNode = FALSE
	EndGlobalSection
	GlobalSection(ExtensibilityGlobals) = postSolution
		SolutionGuid = {45047781-67F5-4327-B9C0-08D892D73D5E}
	EndGlobalSection
EndGlobal
